
Microsoft Visual Studio Solution File, Format Version 12.00
# Visual Studio 15
VisualStudioVersion = 15.0.27130.2036
MinimumVisualStudioVersion = 10.0.40219.1
Project("{FAE04EC0-301F-11D3-BF4B-00C04F79EFBC}") = "TurnBasedGameAPI", "TurnBasedGameAPI\TurnBasedGameAPI.csproj", "{062FEA3F-C1C7-497B-ADF5-445374AB84DE}"
EndProject
Project("{FAE04EC0-301F-11D3-BF4B-00C04F79EFBC}") = "TurnBasedGameAPI.Tests", "TurnBasedGameAPI.Tests\TurnBasedGameAPI.Tests.csproj", "{F23C59C2-40DF-4A69-BB79-BE4FCBD6F318}"
EndProject
Project("{FAE04EC0-301F-11D3-BF4B-00C04F79EFBC}") = "GameEF", "GameEF\GameEF.csproj", "{1AFFA97A-D283-4928-A20E-C1B05F67E63C}"
EndProject
Project("{FAE04EC0-301F-11D3-BF4B-00C04F79EFBC}") = "Peril", "Peril\Peril.csproj", "{258AFAE6-467A-4658-B8AD-33C19487BC5B}"
EndProject
Project("{FAE04EC0-301F-11D3-BF4B-00C04F79EFBC}") = "PerilUI", "PerilUI\PerilUI.csproj", "{3FD56BAE-AF33-4CCE-A941-65099BBDB07C}"
EndProject
Global
	GlobalSection(SolutionConfigurationPlatforms) = preSolution
		Debug|Any CPU = Debug|Any CPU
		Release|Any CPU = Release|Any CPU
	EndGlobalSection
	GlobalSection(ProjectConfigurationPlatforms) = postSolution
		{062FEA3F-C1C7-497B-ADF5-445374AB84DE}.Debug|Any CPU.ActiveCfg = Debug|Any CPU
		{062FEA3F-C1C7-497B-ADF5-445374AB84DE}.Debug|Any CPU.Build.0 = Debug|Any CPU
		{062FEA3F-C1C7-497B-ADF5-445374AB84DE}.Release|Any CPU.ActiveCfg = Release|Any CPU
		{062FEA3F-C1C7-497B-ADF5-445374AB84DE}.Release|Any CPU.Build.0 = Release|Any CPU
		{F23C59C2-40DF-4A69-BB79-BE4FCBD6F318}.Debug|Any CPU.ActiveCfg = Debug|Any CPU
		{F23C59C2-40DF-4A69-BB79-BE4FCBD6F318}.Debug|Any CPU.Build.0 = Debug|Any CPU
		{F23C59C2-40DF-4A69-BB79-BE4FCBD6F318}.Release|Any CPU.ActiveCfg = Release|Any CPU
		{F23C59C2-40DF-4A69-BB79-BE4FCBD6F318}.Release|Any CPU.Build.0 = Release|Any CPU
		{1AFFA97A-D283-4928-A20E-C1B05F67E63C}.Debug|Any CPU.ActiveCfg = Debug|Any CPU
		{1AFFA97A-D283-4928-A20E-C1B05F67E63C}.Debug|Any CPU.Build.0 = Debug|Any CPU
		{1AFFA97A-D283-4928-A20E-C1B05F67E63C}.Release|Any CPU.ActiveCfg = Release|Any CPU
		{1AFFA97A-D283-4928-A20E-C1B05F67E63C}.Release|Any CPU.Build.0 = Release|Any CPU
		{258AFAE6-467A-4658-B8AD-33C19487BC5B}.Debug|Any CPU.ActiveCfg = Debug|Any CPU
		{258AFAE6-467A-4658-B8AD-33C19487BC5B}.Debug|Any CPU.Build.0 = Debug|Any CPU
		{258AFAE6-467A-4658-B8AD-33C19487BC5B}.Release|Any CPU.ActiveCfg = Release|Any CPU
		{258AFAE6-467A-4658-B8AD-33C19487BC5B}.Release|Any CPU.Build.0 = Release|Any CPU
		{3FD56BAE-AF33-4CCE-A941-65099BBDB07C}.Debug|Any CPU.ActiveCfg = Debug|Any CPU
		{3FD56BAE-AF33-4CCE-A941-65099BBDB07C}.Debug|Any CPU.Build.0 = Debug|Any CPU
		{3FD56BAE-AF33-4CCE-A941-65099BBDB07C}.Release|Any CPU.ActiveCfg = Release|Any CPU
		{3FD56BAE-AF33-4CCE-A941-65099BBDB07C}.Release|Any CPU.Build.0 = Release|Any CPU
	EndGlobalSection
	GlobalSection(SolutionProperties) = preSolution
		HideSolutionNode = FALSE
	EndGlobalSection
	GlobalSection(ExtensibilityGlobals) = postSolution
		SolutionGuid = {398996FA-D3F6-4400-9D68-B34EC5549146}
	EndGlobalSection
EndGlobal
